PODS:
  - Expecta (0.3.1)
  - Expecta+Snapshots (1.3.1):
    - Expecta
    - FBSnapshotTestCase
  - FBSnapshotTestCase (1.4)
  - HexColors (2.3.0)
  - Specta (0.2.1)
  - TSMessages (0.9.13):
    - HexColors (~> 2.3.0)

DEPENDENCIES:
  - Expecta
  - Expecta+Snapshots
  - FBSnapshotTestCase (~> 1.4)
  - Specta (~> 0.2.1)
  - TSMessages (from `../`)

EXTERNAL SOURCES:
  TSMessages:
    :path: "../"

SPEC CHECKSUMS:
  Expecta: a354d4633409dd9fe8c4f5ff5130426adbe31628
  Expecta+Snapshots: 4a0b46d3ba755bd43dffa7d53e4585fc6cbfe8cd
  FBSnapshotTestCase: 892508495a69e8703bab36c9da7674ff740d41db
  HexColors: 6ad3947c3447a055a3aa8efa859def096351fe5f
  Specta: 15a276a6343867b426d5ed135d5aa4d04123a573
  TSMessages: 6e403b790139636c15ab4f51946537095e03e79c

COCOAPODS: 0.39.0
